version: 1.0
shards:
  cake-bake:
    github: vladfaust/cake-bake.cr
    version: 0.2.1

  core:
    github: vladfaust/core.cr
    commit: b8a0603cebd3c93b2c83e55a9f9fcd04dfc38b5d

  db:
    github: crystal-lang/crystal-db
    version: 0.5.0

  dotenv:
    github: gdotdesign/cr-dotenv
    version: 0.1.0

  jwt:
    github: crystal-community/jwt
    version: 0.2.2

  migrate:
    github: vladfaust/migrate.cr
    commit: 329b0240a1e5b2e893ce8fcbb950b01d55f94e19

  pg:
    github: will/crystal-pg
    version: 0.14.1

  prism:
    github: vladfaust/prism
    commit: a8ab86f91a3c954cf466b5fc2e6b6b09ebe517a8

  radix:
    github: luislavena/radix
    version: 0.3.8

  time_format:
    github: vladfaust/time_format.cr
    version: 0.1.1

