version: 1.0
shards:
  cake-bake:
    github: vladfaust/cake-bake.cr
    version: 0.2.1

  callbacks:
    github: vladfaust/callbacks.cr
    version: 0.2.0

  db:
    github: crystal-lang/crystal-db
    version: 0.6.0

  dotenv:
    github: gdotdesign/cr-dotenv
    version: 0.1.0

  exception_page:
    github: crystal-loot/exception_page
    version: 0.1.2

  http-params-serializable:
    github: vladfaust/http-params-serializable
    version: 0.4.0

  jwt:
    github: crystal-community/jwt
    version: 0.4.0

  kilt:
    github: jeromegn/kilt
    version: 0.4.0

  migrate:
    github: vladfaust/migrate.cr
    version: 0.5.0

  onyx:
    github: onyxframework/onyx
    version: 0.6.1

  onyx-http:
    github: onyxframework/http
    version: 0.9.0

  onyx-sql:
    github: onyxframework/sql
    version: 0.9.0

  radix:
    github: luislavena/radix
    version: 0.3.9

  sqlite3:
    github: crystal-lang/crystal-sqlite3
    version: 0.13.0

  time_format:
    github: vladfaust/time_format.cr
    version: 0.1.1

